hash: 4f7f72064795d3fcaaaf2cc63f1cdc7649ccef3bdfa42a995f402136ded4cdec
updated: 2018-06-24T22:01:23.147415+08:00
imports:
- name: github.com/dustin/go-broadcast
  version: f664265f5a662fb4d1df7f3533b1e8d0e0277120
- name: github.com/gin-contrib/sse
  version: 22d885f9ecc78bf4ee5d72b937e4bbcdc58e8cae
- name: github.com/gin-gonic/autotls
  version: be87bd5ef97b7398e468c35ad266aabf099a095b
- name: github.com/gin-gonic/gin
  version: d459835d2b077e44f7c9b453505ee29881d5d12d
  subpackages:
  - binding
  - render
- name: github.com/golang/protobuf
  version: 9eb2c01ac278a5d89ce4b2be68fe4500955d8179
  subpackages:
  - proto
  - proto/test_proto
  - ptypes/any
- name: github.com/manucorporat/stats
  version: 3ba42d56d227cf2a6086b63baba5e00669235853
- name: github.com/mattn/go-isatty
  version: 6ca4dbf54d38eea1a992b3c722a76a5d1c4cb25c
- name: github.com/ugorji/go
  version: f3cacc17c85ecb7f1b6a9e373ee85d1480919868
  subpackages:
  - codec
- name: golang.org/x/crypto
  version: a49355c7e3f8fe157a85be2f77e6e269a0f89602
  subpackages:
  - acme
  - acme/autocert
- name: gopkg.in/go-playground/validator.v8
  version: 5f1438d3fca68893a817e4a66806cea46a9e4ebf
- name: gopkg.in/yaml.v2
  version: 5420a8b6744d3b0345ab293f6fcba19c978f1183
testImports: []
