hash: 4f7f72064795d3fcaaaf2cc63f1cdc7649ccef3bdfa42a995f402136ded4cdec
updated: 2018-06-27T01:28:47.801899+08:00
imports:
- name: github.com/gin-contrib/sse
  version: 22d885f9ecc78bf4ee5d72b937e4bbcdc58e8cae
- name: github.com/gin-gonic/gin
  version: d459835d2b077e44f7c9b453505ee29881d5d12d
  subpackages:
  - binding
  - render
- name: github.com/golang/protobuf
  version: 9eb2c01ac278a5d89ce4b2be68fe4500955d8179
  subpackages:
  - proto
- name: github.com/mattn/go-isatty
  version: 6ca4dbf54d38eea1a992b3c722a76a5d1c4cb25c
- name: github.com/skip2/go-qrcode
  version: cf5f9fa2f0d847edb8e038db7ed975e239095e1a
  subpackages:
  - bitset
  - reedsolomon
- name: github.com/ugorji/go
  version: edc8f1f6bad21cca2dcbc2f4d4ced265111ccea6
  subpackages:
  - codec
- name: golang.org/x/sys
  version: c4afb3effaa53fd9a06ca61262dc7ce8df4c081b
  subpackages:
  - unix
- name: gopkg.in/go-playground/validator.v8
  version: 5f1438d3fca68893a817e4a66806cea46a9e4ebf
- name: gopkg.in/yaml.v2
  version: 5420a8b6744d3b0345ab293f6fcba19c978f1183
testImports: []
